// !$*UTF8*$!
{
	archiveVersion = 1;
	classes = {
	};
	objectVersion = 48;
	objects = {

/* Begin PBXBuildFile section */
		958CA6D61F82724D00567E6E /* Beer.swift in Sources */ = {isa = PBXBuildFile; fileRef = 958CA6D51F82724D00567E6E /* Beer.swift */; };
		958CA6D81F82743600567E6E /* BeerTableViewCell.swift in Sources */ = {isa = PBXBuildFile; fileRef = 958CA6D71F82743600567E6E /* BeerTableViewCell.swift */; };
		958CA6DA1F827EEB00567E6E /* RatingControl.swift in Sources */ = {isa = PBXBuildFile; fileRef = 958CA6D91F827EEB00567E6E /* RatingControl.swift */; };
		958CA6DC1F8284A300567E6E /* BeerTableViewController.swift in Sources */ = {isa = PBXBuildFile; fileRef = 958CA6DB1F8284A300567E6E /* BeerTableViewController.swift */; };
		95D39FDE1F7E7AA000394ADC /* AppDelegate.swift in Sources */ = {isa = PBXBuildFile; fileRef = 95D39FDD1F7E7AA000394ADC /* AppDelegate.swift */; };
		95D39FE01F7E7AA000394ADC /* ViewController.swift in Sources */ = {isa = PBXBuildFile; fileRef = 95D39FDF1F7E7AA000394ADC /* ViewController.swift */; };
		95D39FE31F7E7AA000394ADC /* Main.storyboard in Resources */ = {isa = PBXBuildFile; fileRef = 95D39FE11F7E7AA000394ADC /* Main.storyboard */; };
		95D39FE51F7E7AA000394ADC /* Assets.xcassets in Resources */ = {isa = PBXBuildFile; fileRef = 95D39FE41F7E7AA000394ADC /* Assets.xcassets */; };
		95D39FE81F7E7AA000394ADC /* LaunchScreen.storyboard in Resources */ = {isa = PBXBuildFile; fileRef = 95D39FE61F7E7AA000394ADC /* LaunchScreen.storyboard */; };
		95D39FF31F7E7AA000394ADC /* BeerAppTests.swift in Sources */ = {isa = PBXBuildFile; fileRef = 95D39FF21F7E7AA000394ADC /* BeerAppTests.swift */; };
		D79996C64E60956F70D9F6CE /* Pods_BeerApp.framework in Frameworks */ = {isa = PBXBuildFile; fileRef = 8DCDCEC9A4DF482131BC6AC7 /* Pods_BeerApp.framework */; };
/* End PBXBuildFile section */

/* Begin PBXContainerItemProxy section */
		95D39FEF1F7E7AA000394ADC /* PBXContainerItemProxy */ = {
			isa = PBXContainerItemProxy;
			containerPortal = 95D39FD21F7E7AA000394ADC /* Project object */;
			proxyType = 1;
			remoteGlobalIDString = 95D39FD91F7E7AA000394ADC;
			remoteInfo = BeerApp;
		};
/* End PBXContainerItemProxy section */

/* Begin PBXFileReference section */
		2458EFD02D629B5EC19A14A8 /* Pods-BeerApp.release.xcconfig */ = {isa = PBXFileReference; includeInIndex = 1; lastKnownFileType = text.xcconfig; name = "Pods-BeerApp.release.xcconfig"; path = "Pods/Target Support Files/Pods-BeerApp/Pods-BeerApp.release.xcconfig"; sourceTree = "<group>"; };
		4293CFE9799DED212B5C4D9A /* Pods-BeerApp.debug.xcconfig */ = {isa = PBXFileReference; includeInIndex = 1; lastKnownFileType = text.xcconfig; name = "Pods-BeerApp.debug.xcconfig"; path = "Pods/Target Support Files/Pods-BeerApp/Pods-BeerApp.debug.xcconfig"; sourceTree = "<group>"; };
		8DCDCEC9A4DF482131BC6AC7 /* Pods_BeerApp.framework */ = {isa = PBXFileReference; explicitFileType = wrapper.framework; includeInIndex = 0; path = Pods_BeerApp.framework; sourceTree = BUILT_PRODUCTS_DIR; };
		958CA6D51F82724D00567E6E /* Beer.swift */ = {isa = PBXFileReference; lastKnownFileType = sourcecode.swift; path = Beer.swift; sourceTree = "<group>"; };
		958CA6D71F82743600567E6E /* BeerTableViewCell.swift */ = {isa = PBXFileReference; lastKnownFileType = sourcecode.swift; path = BeerTableViewCell.swift; sourceTree = "<group>"; };
		958CA6D91F827EEB00567E6E /* RatingControl.swift */ = {isa = PBXFileReference; lastKnownFileType = sourcecode.swift; path = RatingControl.swift; sourceTree = "<group>"; };
		958CA6DB1F8284A300567E6E /* BeerTableViewController.swift */ = {isa = PBXFileReference; lastKnownFileType = sourcecode.swift; path = BeerTableViewController.swift; sourceTree = "<group>"; };
		95D39FDA1F7E7AA000394ADC /* BeerApp.app */ = {isa = PBXFileReference; explicitFileType = wrapper.application; includeInIndex = 0; path = BeerApp.app; sourceTree = BUILT_PRODUCTS_DIR; };
		95D39FDD1F7E7AA000394ADC /* AppDelegate.swift */ = {isa = PBXFileReference; lastKnownFileType = sourcecode.swift; path = AppDelegate.swift; sourceTree = "<group>"; };
		95D39FDF1F7E7AA000394ADC /* ViewController.swift */ = {isa = PBXFileReference; lastKnownFileType = sourcecode.swift; path = ViewController.swift; sourceTree = "<group>"; };
		95D39FE21F7E7AA000394ADC /* Base */ = {isa = PBXFileReference; lastKnownFileType = file.storyboard; name = Base; path = Base.lproj/Main.storyboard; sourceTree = "<group>"; };
		95D39FE41F7E7AA000394ADC /* Assets.xcassets */ = {isa = PBXFileReference; lastKnownFileType = folder.assetcatalog; path = Assets.xcassets; sourceTree = "<group>"; };
		95D39FE71F7E7AA000394ADC /* Base */ = {isa = PBXFileReference; lastKnownFileType = file.storyboard; name = Base; path = Base.lproj/LaunchScreen.storyboard; sourceTree = "<group>"; };
		95D39FE91F7E7AA000394ADC /* Info.plist */ = {isa = PBXFileReference; lastKnownFileType = text.plist.xml; path = Info.plist; sourceTree = "<group>"; };
		95D39FEE1F7E7AA000394ADC /* BeerAppTests.xctest */ = {isa = PBXFileReference; explicitFileType = wrapper.cfbundle; includeInIndex = 0; path = BeerAppTests.xctest; sourceTree = BUILT_PRODUCTS_DIR; };
		95D39FF21F7E7AA000394ADC /* BeerAppTests.swift */ = {isa = PBXFileReference; lastKnownFileType = sourcecode.swift; path = BeerAppTests.swift; sourceTree = "<group>"; };
		95D39FF41F7E7AA000394ADC /* Info.plist */ = {isa = PBXFileReference; lastKnownFileType = text.plist.xml; path = Info.plist; sourceTree = "<group>"; };
/* End PBXFileReference section */

/* Begin PBXFrameworksBuildPhase section */
		95D39FD71F7E7AA000394ADC /* Frameworks */ = {
			isa = PBXFrameworksBuildPhase;
			buildActionMask = 2147483647;
			files = (
				D79996C64E60956F70D9F6CE /* Pods_BeerApp.framework in Frameworks */,
			);
			runOnlyForDeploymentPostprocessing = 0;
		};
		95D39FEB1F7E7AA000394ADC /* Frameworks */ = {
			isa = PBXFrameworksBuildPhase;
			buildActionMask = 2147483647;
			files = (
			);
			runOnlyForDeploymentPostprocessing = 0;
		};
/* End PBXFrameworksBuildPhase section */

/* Begin PBXGroup section */
		13F0415B969D9DFB1804E576 /* Pods */ = {
			isa = PBXGroup;
			children = (
				4293CFE9799DED212B5C4D9A /* Pods-BeerApp.debug.xcconfig */,
				2458EFD02D629B5EC19A14A8 /* Pods-BeerApp.release.xcconfig */,
			);
			name = Pods;
			sourceTree = "<group>";
		};
		77F4C95D9D2235FE33E12FC0 /* Frameworks */ = {
			isa = PBXGroup;
			children = (
				8DCDCEC9A4DF482131BC6AC7 /* Pods_BeerApp.framework */,
			);
			name = Frameworks;
			sourceTree = "<group>";
		};
		95D39FD11F7E7AA000394ADC = {
			isa = PBXGroup;
			children = (
				95D39FDC1F7E7AA000394ADC /* BeerApp */,
				95D39FF11F7E7AA000394ADC /* BeerAppTests */,
				95D39FDB1F7E7AA000394ADC /* Products */,
				13F0415B969D9DFB1804E576 /* Pods */,
				77F4C95D9D2235FE33E12FC0 /* Frameworks */,
			);
			sourceTree = "<group>";
		};
		95D39FDB1F7E7AA000394ADC /* Products */ = {
			isa = PBXGroup;
			children = (
				95D39FDA1F7E7AA000394ADC /* BeerApp.app */,
				95D39FEE1F7E7AA000394ADC /* BeerAppTests.xctest */,
			);
			name = Products;
			sourceTree = "<group>";
		};
		95D39FDC1F7E7AA000394ADC /* BeerApp */ = {
			isa = PBXGroup;
			children = (
				95D39FDD1F7E7AA000394ADC /* AppDelegate.swift */,
				95D39FDF1F7E7AA000394ADC /* ViewController.swift */,
				95D39FE11F7E7AA000394ADC /* Main.storyboard */,
				95D39FE41F7E7AA000394ADC /* Assets.xcassets */,
				95D39FE61F7E7AA000394ADC /* LaunchScreen.storyboard */,
				95D39FE91F7E7AA000394ADC /* Info.plist */,
				958CA6D51F82724D00567E6E /* Beer.swift */,
				958CA6D71F82743600567E6E /* BeerTableViewCell.swift */,
				958CA6D91F827EEB00567E6E /* RatingControl.swift */,
				958CA6DB1F8284A300567E6E /* BeerTableViewController.swift */,
			);
			path = BeerApp;
			sourceTree = "<group>";
		};
		95D39FF11F7E7AA000394ADC /* BeerAppTests */ = {
			isa = PBXGroup;
			children = (
				95D39FF21F7E7AA000394ADC /* BeerAppTests.swift */,
				95D39FF41F7E7AA000394ADC /* Info.plist */,
			);
			path = BeerAppTests;
			sourceTree = "<group>";
		};
/* End PBXGroup section */

/* Begin PBXNativeTarget section */
		95D39FD91F7E7AA000394ADC /* BeerApp */ = {
			isa = PBXNativeTarget;
			buildConfigurationList = 95D39FF71F7E7AA000394ADC /* Build configuration list for PBXNativeTarget "BeerApp" */;
			buildPhases = (
				0E25D31A925831C864DB9552 /* [CP] Check Pods Manifest.lock */,
				95D39FD61F7E7AA000394ADC /* Sources */,
				95D39FD71F7E7AA000394ADC /* Frameworks */,
				95D39FD81F7E7AA000394ADC /* Resources */,
				B99814B80DD6136BB984145B /* [CP] Embed Pods Frameworks */,
				CDEE2FA8F5132D8CF1B97346 /* [CP] Copy Pods Resources */,
			);
			buildRules = (
			);
			dependencies = (
			);
			name = BeerApp;
			productName = BeerApp;
			productReference = 95D39FDA1F7E7AA000394ADC /* BeerApp.app */;
			productType = "com.apple.product-type.application";
		};
		95D39FED1F7E7AA000394ADC /* BeerAppTests */ = {
			isa = PBXNativeTarget;
			buildConfigurationList = 95D39FFA1F7E7AA000394ADC /* Build configuration list for PBXNativeTarget "BeerAppTests" */;
			buildPhases = (
				95D39FEA1F7E7AA000394ADC /* Sources */,
				95D39FEB1F7E7AA000394ADC /* Frameworks */,
				95D39FEC1F7E7AA000394ADC /* Resources */,
			);
			buildRules = (
			);
			dependencies = (
				95D39FF01F7E7AA000394ADC /* PBXTargetDependency */,
			);
			name = BeerAppTests;
			productName = BeerAppTests;
			productReference = 95D39FEE1F7E7AA000394ADC /* BeerAppTests.xctest */;
			productType = "com.apple.product-type.bundle.unit-test";
		};
/* End PBXNativeTarget section */

/* Begin PBXProject section */
		95D39FD21F7E7AA000394ADC /* Project object */ = {
			isa = PBXProject;
			attributes = {
				LastSwiftUpdateCheck = 0900;
				LastUpgradeCheck = 0900;
				ORGANIZATIONNAME = "Dennis Litjens";
				TargetAttributes = {
					95D39FD91F7E7AA000394ADC = {
						CreatedOnToolsVersion = 9.0;
						ProvisioningStyle = Automatic;
					};
					95D39FED1F7E7AA000394ADC = {
						CreatedOnToolsVersion = 9.0;
						ProvisioningStyle = Automatic;
						TestTargetID = 95D39FD91F7E7AA000394ADC;
					};
				};
			};
			buildConfigurationList = 95D39FD51F7E7AA000394ADC /* Build configuration list for PBXProject "BeerApp" */;
			compatibilityVersion = "Xcode 8.0";
			developmentRegion = en;
			hasScannedForEncodings = 0;
			knownRegions = (
				en,
				Base,
			);
			mainGroup = 95D39FD11F7E7AA000394ADC;
			productRefGroup = 95D39FDB1F7E7AA000394ADC /* Products */;
			projectDirPath = "";
			projectRoot = "";
			targets = (
				95D39FD91F7E7AA000394ADC /* BeerApp */,
				95D39FED1F7E7AA000394ADC /* BeerAppTests */,
			);
		};
/* End PBXProject section */

/* Begin PBXResourcesBuildPhase section */
		95D39FD81F7E7AA000394ADC /* Resources */ = {
			isa = PBXResourcesBuildPhase;
			buildActionMask = 2147483647;
			files = (
				95D39FE81F7E7AA000394ADC /* LaunchScreen.storyboard in Resources */,
				95D39FE51F7E7AA000394ADC /* Assets.xcassets in Resources */,
				95D39FE31F7E7AA000394ADC /* Main.storyboard in Resources */,
			);
			runOnlyForDeploymentPostprocessing = 0;
		};
		95D39FEC1F7E7AA000394ADC /* Resources */ = {
			isa = PBXResourcesBuildPhase;
			buildActionMask = 2147483647;
			files = (
			);
			runOnlyForDeploymentPostprocessing = 0;
		};
/* End PBXResourcesBuildPhase section */

/* Begin PBXShellScriptBuildPhase section */
		0E25D31A925831C864DB9552 /* [CP] Check Pods Manifest.lock */ = {
			isa = PBXShellScriptBuildPhase;
			buildActionMask = 2147483647;
			files = (
			);
			inputPaths = (
				"${PODS_PODFILE_DIR_PATH}/Podfile.lock",
				"${PODS_ROOT}/Manifest.lock",
			);
			name = "[CP] Check Pods Manifest.lock";
			outputPaths = (
				"$(DERIVED_FILE_DIR)/Pods-BeerApp-checkManifestLockResult.txt",
			);
			runOnlyForDeploymentPostprocessing = 0;
			shellPath = /bin/sh;
			shellScript = "diff \"${PODS_PODFILE_DIR_PATH}/Podfile.lock\" \"${PODS_ROOT}/Manifest.lock\" > /dev/null\nif [ $? != 0 ] ; then\n    # print error to STDERR\n    echo \"error: The sandbox is not in sync with the Podfile.lock. Run 'pod install' or update your CocoaPods installation.\" >&2\n    exit 1\nfi\n# This output is used by Xcode 'outputs' to avoid re-running this script phase.\necho \"SUCCESS\" > \"${SCRIPT_OUTPUT_FILE_0}\"\n";
			showEnvVarsInLog = 0;
		};
		B99814B80DD6136BB984145B /* [CP] Embed Pods Frameworks */ = {
			isa = PBXShellScriptBuildPhase;
			buildActionMask = 2147483647;
			files = (
			);
			inputPaths = (
				"${SRCROOT}/Pods/Target Support Files/Pods-BeerApp/Pods-BeerApp-frameworks.sh",
				"${BUILT_PRODUCTS_DIR}/Alamofire/Alamofire.framework",
				"${BUILT_PRODUCTS_DIR}/SwiftyJSON/SwiftyJSON.framework",
			);
			name = "[CP] Embed Pods Frameworks";
			outputPaths = (
				"${TARGET_BUILD_DIR}/${FRAMEWORKS_FOLDER_PATH}/Alamofire.framework",
				"${TARGET_BUILD_DIR}/${FRAMEWORKS_FOLDER_PATH}/SwiftyJSON.framework",
			);
			runOnlyForDeploymentPostprocessing = 0;
			shellPath = /bin/sh;
			shellScript = "\"${SRCROOT}/Pods/Target Support Files/Pods-BeerApp/Pods-BeerApp-frameworks.sh\"\n";
			showEnvVarsInLog = 0;
		};
		CDEE2FA8F5132D8CF1B97346 /* [CP] Copy Pods Resources */ = {
			isa = PBXShellScriptBuildPhase;
			buildActionMask = 2147483647;
			files = (
			);
			inputPaths = (
			);
			name = "[CP] Copy Pods Resources";
			outputPaths = (
			);
			runOnlyForDeploymentPostprocessing = 0;
			shellPath = /bin/sh;
			shellScript = "\"${SRCROOT}/Pods/Target Support Files/Pods-BeerApp/Pods-BeerApp-resources.sh\"\n";
			showEnvVarsInLog = 0;
		};
/* End PBXShellScriptBuildPhase section */

/* Begin PBXSourcesBuildPhase section */
		95D39FD61F7E7AA000394ADC /* Sources */ = {
			isa = PBXSourcesBuildPhase;
			buildActionMask = 2147483647;
			files = (
				95D39FE01F7E7AA000394ADC /* ViewController.swift in Sources */,
				958CA6D61F82724D00567E6E /* Beer.swift in Sources */,
				95D39FDE1F7E7AA000394ADC /* AppDelegate.swift in Sources */,
				958CA6DA1F827EEB00567E6E /* RatingControl.swift in Sources */,
				958CA6D81F82743600567E6E /* BeerTableViewCell.swift in Sources */,
				958CA6DC1F8284A300567E6E /* BeerTableViewController.swift in Sources */,
			);
			runOnlyForDeploymentPostprocessing = 0;
		};
		95D39FEA1F7E7AA000394ADC /* Sources */ = {
			isa = PBXSourcesBuildPhase;
			buildActionMask = 2147483647;
			files = (
				95D39FF31F7E7AA000394ADC /* BeerAppTests.swift in Sources */,
			);
			runOnlyForDeploymentPostprocessing = 0;
		};
/* End PBXSourcesBuildPhase section */

/* Begin PBXTargetDependency section */
		95D39FF01F7E7AA000394ADC /* PBXTargetDependency */ = {
			isa = PBXTargetDependency;
			target = 95D39FD91F7E7AA000394ADC /* BeerApp */;
			targetProxy = 95D39FEF1F7E7AA000394ADC /* PBXContainerItemProxy */;
		};
/* End PBXTargetDependency section */

/* Begin PBXVariantGroup section */
		95D39FE11F7E7AA000394ADC /* Main.storyboard */ = {
			isa = PBXVariantGroup;
			children = (
				95D39FE21F7E7AA000394ADC /* Base */,
			);
			name = Main.storyboard;
			sourceTree = "<group>";
		};
		95D39FE61F7E7AA000394ADC /* LaunchScreen.storyboard */ = {
			isa = PBXVariantGroup;
			children = (
				95D39FE71F7E7AA000394ADC /* Base */,
			);
			name = LaunchScreen.storyboard;
			sourceTree = "<group>";
		};
/* End PBXVariantGroup section */

/* Begin XCBuildConfiguration section */
		95D39FF51F7E7AA000394ADC /* Debug */ = {
			isa = XCBuildConfiguration;
			buildSettings = {
				ALWAYS_SEARCH_USER_PATHS = NO;
				CLANG_ANALYZER_NONNULL = YES;
				CLANG_ANALYZER_NUMBER_OBJECT_CONVERSION = YES_AGGRESSIVE;
				CLANG_CXX_LANGUAGE_STANDARD = "gnu++14";
				CLANG_CXX_LIBRARY = "libc++";
				CLANG_ENABLE_MODULES = YES;
				CLANG_ENABLE_OBJC_ARC = YES;
				CLANG_WARN_BLOCK_CAPTURE_AUTORELEASING = YES;
				CLANG_WARN_BOOL_CONVERSION = YES;
				CLANG_WARN_COMMA = YES;
				CLANG_WARN_CONSTANT_CONVERSION = YES;
				CLANG_WARN_DIRECT_OBJC_ISA_USAGE = YES_ERROR;
				CLANG_WARN_DOCUMENTATION_COMMENTS = YES;
				CLANG_WARN_EMPTY_BODY = YES;
				CLANG_WARN_ENUM_CONVERSION = YES;
				CLANG_WARN_INFINITE_RECURSION = YES;
				CLANG_WARN_INT_CONVERSION = YES;
				CLANG_WARN_NON_LITERAL_NULL_CONVERSION = YES;
				CLANG_WARN_OBJC_LITERAL_CONVERSION = YES;
				CLANG_WARN_OBJC_ROOT_CLASS = YES_ERROR;
				CLANG_WARN_RANGE_LOOP_ANALYSIS = YES;
				CLANG_WARN_STRICT_PROTOTYPES = YES;
				CLANG_WARN_SUSPICIOUS_MOVE = YES;
				CLANG_WARN_UNGUARDED_AVAILABILITY = YES_AGGRESSIVE;
				CLANG_WARN_UNREACHABLE_CODE = YES;
				CLANG_WARN__DUPLICATE_METHOD_MATCH = YES;
				CODE_SIGN_IDENTITY = "iPhone Developer";
				COPY_PHASE_STRIP = NO;
				DEBUG_INFORMATION_FORMAT = dwarf;
				ENABLE_STRICT_OBJC_MSGSEND = YES;
				ENABLE_TESTABILITY = YES;
				GCC_C_LANGUAGE_STANDARD = gnu11;
				GCC_DYNAMIC_NO_PIC = NO;
				GCC_NO_COMMON_BLOCKS = YES;
				GCC_OPTIMIZATION_LEVEL = 0;
				GCC_PREPROCESSOR_DEFINITIONS = (
					"DEBUG=1",
					"$(inherited)",
				);
				GCC_WARN_64_TO_32_BIT_CONVERSION = YES;
				GCC_WARN_ABOUT_RETURN_TYPE = YES_ERROR;
				GCC_WARN_UNDECLARED_SELECTOR = YES;
				GCC_WARN_UNINITIALIZED_AUTOS = YES_AGGRESSIVE;
				GCC_WARN_UNUSED_FUNCTION = YES;
				GCC_WARN_UNUSED_VARIABLE = YES;
				IPHONEOS_DEPLOYMENT_TARGET = 11.0;
				MTL_ENABLE_DEBUG_INFO = YES;
				ONLY_ACTIVE_ARCH = YES;
				SDKROOT = iphoneos;
				SWIFT_ACTIVE_COMPILATION_CONDITIONS = DEBUG;
				SWIFT_OPTIMIZATION_LEVEL = "-Onone";
			};
			name = Debug;
		};
		95D39FF61F7E7AA000394ADC /* Release */ = {
			isa = XCBuildConfiguration;
			buildSettings = {
				ALWAYS_SEARCH_USER_PATHS = NO;
				CLANG_ANALYZER_NONNULL = YES;
				CLANG_ANALYZER_NUMBER_OBJECT_CONVERSION = YES_AGGRESSIVE;
				CLANG_CXX_LANGUAGE_STANDARD = "gnu++14";
				CLANG_CXX_LIBRARY = "libc++";
				CLANG_ENABLE_MODULES = YES;
				CLANG_ENABLE_OBJC_ARC = YES;
				CLANG_WARN_BLOCK_CAPTURE_AUTORELEASING = YES;
				CLANG_WARN_BOOL_CONVERSION = YES;
				CLANG_WARN_COMMA = YES;
				CLANG_WARN_CONSTANT_CONVERSION = YES;
				CLANG_WARN_DIRECT_OBJC_ISA_USAGE = YES_ERROR;
				CLANG_WARN_DOCUMENTATION_COMMENTS = YES;
				CLANG_WARN_EMPTY_BODY = YES;
				CLANG_WARN_ENUM_CONVERSION = YES;
				CLANG_WARN_INFINITE_RECURSION = YES;
				CLANG_WARN_INT_CONVERSION = YES;
				CLANG_WARN_NON_LITERAL_NULL_CONVERSION = YES;
				CLANG_WARN_OBJC_LITERAL_CONVERSION = YES;
				CLANG_WARN_OBJC_ROOT_CLASS = YES_ERROR;
				CLANG_WARN_RANGE_LOOP_ANALYSIS = YES;
				CLANG_WARN_STRICT_PROTOTYPES = YES;
				CLANG_WARN_SUSPICIOUS_MOVE = YES;
				CLANG_WARN_UNGUARDED_AVAILABILITY = YES_AGGRESSIVE;
				CLANG_WARN_UNREACHABLE_CODE = YES;
				CLANG_WARN__DUPLICATE_METHOD_MATCH = YES;
				CODE_SIGN_IDENTITY = "iPhone Developer";
				COPY_PHASE_STRIP = NO;
				DEBUG_INFORMATION_FORMAT = "dwarf-with-dsym";
				ENABLE_NS_ASSERTIONS = NO;
				ENABLE_STRICT_OBJC_MSGSEND = YES;
				GCC_C_LANGUAGE_STANDARD = gnu11;
				GCC_NO_COMMON_BLOCKS = YES;
				GCC_WARN_64_TO_32_BIT_CONVERSION = YES;
				GCC_WARN_ABOUT_RETURN_TYPE = YES_ERROR;
				GCC_WARN_UNDECLARED_SELECTOR = YES;
				GCC_WARN_UNINITIALIZED_AUTOS = YES_AGGRESSIVE;
				GCC_WARN_UNUSED_FUNCTION = YES;
				GCC_WARN_UNUSED_VARIABLE = YES;
				IPHONEOS_DEPLOYMENT_TARGET = 11.0;
				MTL_ENABLE_DEBUG_INFO = NO;
				SDKROOT = iphoneos;
				SWIFT_OPTIMIZATION_LEVEL = "-Owholemodule";
				VALIDATE_PRODUCT = YES;
			};
			name = Release;
		};
		95D39FF81F7E7AA000394ADC /* Debug */ = {
			isa = XCBuildConfiguration;
			baseConfigurationReference = 4293CFE9799DED212B5C4D9A /* Pods-BeerApp.debug.xcconfig */;
			buildSettings = {
				ASSETCATALOG_COMPILER_APPICON_NAME = AppIcon;
				CODE_SIGN_STYLE = Automatic;
				DEVELOPMENT_TEAM = 5FSS9M25VP;
				INFOPLIST_FILE = BeerApp/Info.plist;
				LD_RUNPATH_SEARCH_PATHS = "$(inherited) @executable_path/Frameworks";
				PRODUCT_BUNDLE_IDENTIFIER = be.pxl.BeerApp;
				PRODUCT_NAME = "$(TARGET_NAME)";
				SWIFT_VERSION = 4.0;
				TARGETED_DEVICE_FAMILY = "1,2";
			};
			name = Debug;
		};
		95D39FF91F7E7AA000394ADC /* Release */ = {
			isa = XCBuildConfiguration;
			baseConfigurationReference = 2458EFD02D629B5EC19A14A8 /* Pods-BeerApp.release.xcconfig */;
			buildSettings = {
				ASSETCATALOG_COMPILER_APPICON_NAME = AppIcon;
				CODE_SIGN_STYLE = Automatic;
				DEVELOPMENT_TEAM = 5FSS9M25VP;
				INFOPLIST_FILE = BeerApp/Info.plist;
				LD_RUNPATH_SEARCH_PATHS = "$(inherited) @executable_path/Frameworks";
				PRODUCT_BUNDLE_IDENTIFIER = be.pxl.BeerApp;
				PRODUCT_NAME = "$(TARGET_NAME)";
				SWIFT_VERSION = 4.0;
				TARGETED_DEVICE_FAMILY = "1,2";
			};
			name = Release;
		};
		95D39FFB1F7E7AA000394ADC /* Debug */ = {
			isa = XCBuildConfiguration;
			buildSettings = {
				ALWAYS_EMBED_SWIFT_STANDARD_LIBRARIES = YES;
				BUNDLE_LOADER = "$(TEST_HOST)";
				CODE_SIGN_STYLE = Automatic;
				DEVELOPMENT_TEAM = 5FSS9M25VP;
				INFOPLIST_FILE = BeerAppTests/Info.plist;
				LD_RUNPATH_SEARCH_PATHS = "$(inherited) @executable_path/Frameworks @loader_path/Frameworks";
				PRODUCT_BUNDLE_IDENTIFIER = be.pxl.BeerAppTests;
				PRODUCT_NAME = "$(TARGET_NAME)";
				SWIFT_VERSION = 4.0;
				TARGETED_DEVICE_FAMILY = "1,2";
				TEST_HOST = "$(BUILT_PRODUCTS_DIR)/BeerApp.app/BeerApp";
			};
			name = Debug;
		};
		95D39FFC1F7E7AA000394ADC /* Release */ = {
			isa = XCBuildConfiguration;
			buildSettings = {
				ALWAYS_EMBED_SWIFT_STANDARD_LIBRARIES = YES;
				BUNDLE_LOADER = "$(TEST_HOST)";
				CODE_SIGN_STYLE = Automatic;
				DEVELOPMENT_TEAM = 5FSS9M25VP;
				INFOPLIST_FILE = BeerAppTests/Info.plist;
				LD_RUNPATH_SEARCH_PATHS = "$(inherited) @executable_path/Frameworks @loader_path/Frameworks";
				PRODUCT_BUNDLE_IDENTIFIER = be.pxl.BeerAppTests;
				PRODUCT_NAME = "$(TARGET_NAME)";
				SWIFT_VERSION = 4.0;
				TARGETED_DEVICE_FAMILY = "1,2";
				TEST_HOST = "$(BUILT_PRODUCTS_DIR)/BeerApp.app/BeerApp";
			};
			name = Release;
		};
/* End XCBuildConfiguration section */

/* Begin XCConfigurationList section */
		95D39FD51F7E7AA000394ADC /* Build configuration list for PBXProject "BeerApp" */ = {
			isa = XCConfigurationList;
			buildConfigurations = (
				95D39FF51F7E7AA000394ADC /* Debug */,
				95D39FF61F7E7AA000394ADC /* Release */,
			);
			defaultConfigurationIsVisible = 0;
			defaultConfigurationName = Release;
		};
		95D39FF71F7E7AA000394ADC /* Build configuration list for PBXNativeTarget "BeerApp" */ = {
			isa = XCConfigurationList;
			buildConfigurations = (
				95D39FF81F7E7AA000394ADC /* Debug */,
				95D39FF91F7E7AA000394ADC /* Release */,
			);
			defaultConfigurationIsVisible = 0;
			defaultConfigurationName = Release;
		};
		95D39FFA1F7E7AA000394ADC /* Build configuration list for PBXNativeTarget "BeerAppTests" */ = {
			isa = XCConfigurationList;
			buildConfigurations = (
				95D39FFB1F7E7AA000394ADC /* Debug */,
				95D39FFC1F7E7AA000394ADC /* Release */,
			);
			defaultConfigurationIsVisible = 0;
			defaultConfigurationName = Release;
		};
/* End XCConfigurationList section */
	};
	rootObject = 95D39FD21F7E7AA000394ADC /* Project object */;
}
